
Microsoft Visual Studio Solution File, Format Version 12.00
# Visual Studio 15
VisualStudioVersion = 15.0.27428.2015
MinimumVisualStudioVersion = 10.0.40219.1
Project("{888888A0-9F3D-457C-B088-3A5042F75D52}") = "sa_demo", "sa_demo.pyproj", "{A96697A0-A9E6-4863-A494-D6AC7248CE32}"
EndProject
Global
	GlobalSection(SolutionConfigurationPlatforms) = preSolution
		Debug|Any CPU = Debug|Any CPU
		Release|Any CPU = Release|Any CPU
	EndGlobalSection
	GlobalSection(ProjectConfigurationPlatforms) = postSolution
		{A96697A0-A9E6-4863-A494-D6AC7248CE32}.Debug|Any CPU.ActiveCfg = Debug|Any CPU
		{A96697A0-A9E6-4863-A494-D6AC7248CE32}.Release|Any CPU.ActiveCfg = Release|Any CPU
	EndGlobalSection
	GlobalSection(SolutionProperties) = preSolution
		HideSolutionNode = FALSE
	EndGlobalSection
	GlobalSection(ExtensibilityGlobals) = postSolution
		SolutionGuid = {687CEAAF-6227-4D4D-AC03-1F7868C4081B}
	EndGlobalSection
EndGlobal
